
Microsoft Visual Studio Solution File, Format Version 12.00
# Visual Studio Version 16
VisualStudioVersion = 16.0.30907.101
MinimumVisualStudioVersion = 10.0.40219.1
Project("{FAE04EC0-301F-11D3-BF4B-00C04F79EFBC}") = "Lab1Encryption", "Lab1Encryption\Lab1Encryption.csproj", "{278729E1-27E8-45B9-88D7-0D2A6DA0CFA7}"
EndProject
Global
	GlobalSection(SolutionConfigurationPlatforms) = preSolution
		Debug|Any CPU = Debug|Any CPU
		Release|Any CPU = Release|Any CPU
	EndGlobalSection
	GlobalSection(ProjectConfigurationPlatforms) = postSolution
		{278729E1-27E8-45B9-88D7-0D2A6DA0CFA7}.Debug|Any CPU.ActiveCfg = Debug|Any CPU
		{278729E1-27E8-45B9-88D7-0D2A6DA0CFA7}.Debug|Any CPU.Build.0 = Debug|Any CPU
		{278729E1-27E8-45B9-88D7-0D2A6DA0CFA7}.Release|Any CPU.ActiveCfg = Release|Any CPU
		{278729E1-27E8-45B9-88D7-0D2A6DA0CFA7}.Release|Any CPU.Build.0 = Release|Any CPU
	EndGlobalSection
	GlobalSection(SolutionProperties) = preSolution
		HideSolutionNode = FALSE
	EndGlobalSection
	GlobalSection(ExtensibilityGlobals) = postSolution
		SolutionGuid = {2AE7F81D-79CA-4726-A4B6-512FBB769399}
	EndGlobalSection
EndGlobal
